
Microsoft Visual Studio Solution File, Format Version 12.00
# Visual Studio Version 17
VisualStudioVersion = 17.5.002.0
MinimumVisualStudioVersion = 10.0.40219.1
Project("{2150E333-8FDC-42A3-9474-1A3956D46DE8}") = "sandbox", "sandbox", "{C930E53C-B013-47E0-8F78-CAABC43AD4E8}"
EndProject
Project("{9A19103F-16F7-4668-BE54-9A1E7A4F7556}") = "sandbox_project", "sandbox\sandbox_project\sandbox_project.csproj", "{A7C18639-EEA0-4AC4-B5C2-7FC00D37ACC4}"
EndProject
Project("{2150E333-8FDC-42A3-9474-1A3956D46DE8}") = "week01", "week01", "{7797FC47-1E7B-4C68-807E-7A95B0E57100}"
EndProject
Project("{9A19103F-16F7-4668-BE54-9A1E7A4F7556}") = "analyze", "week01\analyze\analyze.csproj", "{5F58BAAA-C7FD-4BC4-83B8-C5024AE327EF}"
EndProject
Project("{9A19103F-16F7-4668-BE54-9A1E7A4F7556}") = "code", "week01\code\code.csproj", "{8D667F61-DE9A-460D-ABB9-79034DD8AC2E}"
EndProject
Project("{9A19103F-16F7-4668-BE54-9A1E7A4F7556}") = "teach", "week01\teach\teach.csproj", "{636FCB75-262A-4869-BBE6-2747056124EB}"
EndProject
Project("{2150E333-8FDC-42A3-9474-1A3956D46DE8}") = "week02", "week02", "{A7728252-C32E-473B-83E6-DB810D3D771C}"
EndProject
Project("{9A19103F-16F7-4668-BE54-9A1E7A4F7556}") = "analyze", "week02\analyze\analyze.csproj", "{D6268A1D-196A-40A9-88D9-B171C42A79E8}"
EndProject
Project("{9A19103F-16F7-4668-BE54-9A1E7A4F7556}") = "code", "week02\code\code.csproj", "{1324AA95-D812-4A5C-84C9-24F11D96EE3E}"
EndProject
Project("{9A19103F-16F7-4668-BE54-9A1E7A4F7556}") = "learn", "week02\learn\learn.csproj", "{910E1673-ED14-424B-BD50-71FA3C4E693D}"
EndProject
Project("{9A19103F-16F7-4668-BE54-9A1E7A4F7556}") = "teach", "week02\teach\teach.csproj", "{FA64F964-B26F-43AA-8532-27C69398BE7C}"
EndProject
Project("{2150E333-8FDC-42A3-9474-1A3956D46DE8}") = "week03", "week03", "{22CD0BE9-672A-43FE-8BC5-51132FB42310}"
EndProject
Project("{9A19103F-16F7-4668-BE54-9A1E7A4F7556}") = "code", "week03\code\code.csproj", "{D2D632A5-5BC5-4A93-AECD-9DFB4682A242}"
EndProject
Project("{9A19103F-16F7-4668-BE54-9A1E7A4F7556}") = "learn", "week03\learn\learn.csproj", "{D9D2B972-7CE7-4AE8-BA49-B950D96C2537}"
EndProject
Project("{9A19103F-16F7-4668-BE54-9A1E7A4F7556}") = "teach", "week03\teach\teach.csproj", "{08095C0D-9D62-49CE-9C1F-F3B48422987F}"
EndProject
Project("{2150E333-8FDC-42A3-9474-1A3956D46DE8}") = "week04", "week04", "{D28F36FA-550C-4562-A737-F10BB3C5B91E}"
EndProject
Project("{9A19103F-16F7-4668-BE54-9A1E7A4F7556}") = "code", "week04\code\code.csproj", "{9EAD4AC0-0C13-46A1-A54A-6A03ACDCBB0E}"
EndProject
Project("{2150E333-8FDC-42A3-9474-1A3956D46DE8}") = "week05", "week05", "{7251EB55-CC97-4E99-B26E-6D6BB938EEB8}"
EndProject
Project("{9A19103F-16F7-4668-BE54-9A1E7A4F7556}") = "code", "week05\code\code.csproj", "{1DAABC7F-99A4-4CC6-8AEF-C76BC35FDC3B}"
EndProject
Project("{2150E333-8FDC-42A3-9474-1A3956D46DE8}") = "week06", "week06", "{7E30C282-E798-4964-A4E7-C004796A3B55}"
EndProject
Project("{9A19103F-16F7-4668-BE54-9A1E7A4F7556}") = "code", "week06\code\code.csproj", "{16022F68-C124-4AD9-BD65-32385E585420}"
EndProject
Global
	GlobalSection(SolutionConfigurationPlatforms) = preSolution
		Debug|Any CPU = Debug|Any CPU
		Release|Any CPU = Release|Any CPU
	EndGlobalSection
	GlobalSection(ProjectConfigurationPlatforms) = postSolution
		{A7C18639-EEA0-4AC4-B5C2-7FC00D37ACC4}.Debug|Any CPU.ActiveCfg = Debug|Any CPU
		{A7C18639-EEA0-4AC4-B5C2-7FC00D37ACC4}.Debug|Any CPU.Build.0 = Debug|Any CPU
		{A7C18639-EEA0-4AC4-B5C2-7FC00D37ACC4}.Release|Any CPU.ActiveCfg = Release|Any CPU
		{A7C18639-EEA0-4AC4-B5C2-7FC00D37ACC4}.Release|Any CPU.Build.0 = Release|Any CPU
		{5F58BAAA-C7FD-4BC4-83B8-C5024AE327EF}.Debug|Any CPU.ActiveCfg = Debug|Any CPU
		{5F58BAAA-C7FD-4BC4-83B8-C5024AE327EF}.Debug|Any CPU.Build.0 = Debug|Any CPU
		{5F58BAAA-C7FD-4BC4-83B8-C5024AE327EF}.Release|Any CPU.ActiveCfg = Release|Any CPU
		{5F58BAAA-C7FD-4BC4-83B8-C5024AE327EF}.Release|Any CPU.Build.0 = Release|Any CPU
		{8D667F61-DE9A-460D-ABB9-79034DD8AC2E}.Debug|Any CPU.ActiveCfg = Debug|Any CPU
		{8D667F61-DE9A-460D-ABB9-79034DD8AC2E}.Debug|Any CPU.Build.0 = Debug|Any CPU
		{8D667F61-DE9A-460D-ABB9-79034DD8AC2E}.Release|Any CPU.ActiveCfg = Release|Any CPU
		{8D667F61-DE9A-460D-ABB9-79034DD8AC2E}.Release|Any CPU.Build.0 = Release|Any CPU
		{636FCB75-262A-4869-BBE6-2747056124EB}.Debug|Any CPU.ActiveCfg = Debug|Any CPU
		{636FCB75-262A-4869-BBE6-2747056124EB}.Debug|Any CPU.Build.0 = Debug|Any CPU
		{636FCB75-262A-4869-BBE6-2747056124EB}.Release|Any CPU.ActiveCfg = Release|Any CPU
		{636FCB75-262A-4869-BBE6-2747056124EB}.Release|Any CPU.Build.0 = Release|Any CPU
		{D6268A1D-196A-40A9-88D9-B171C42A79E8}.Debug|Any CPU.ActiveCfg = Debug|Any CPU
		{D6268A1D-196A-40A9-88D9-B171C42A79E8}.Debug|Any CPU.Build.0 = Debug|Any CPU
		{D6268A1D-196A-40A9-88D9-B171C42A79E8}.Release|Any CPU.ActiveCfg = Release|Any CPU
		{D6268A1D-196A-40A9-88D9-B171C42A79E8}.Release|Any CPU.Build.0 = Release|Any CPU
		{1324AA95-D812-4A5C-84C9-24F11D96EE3E}.Debug|Any CPU.ActiveCfg = Debug|Any CPU
		{1324AA95-D812-4A5C-84C9-24F11D96EE3E}.Debug|Any CPU.Build.0 = Debug|Any CPU
		{1324AA95-D812-4A5C-84C9-24F11D96EE3E}.Release|Any CPU.ActiveCfg = Release|Any CPU
		{1324AA95-D812-4A5C-84C9-24F11D96EE3E}.Release|Any CPU.Build.0 = Release|Any CPU
		{910E1673-ED14-424B-BD50-71FA3C4E693D}.Debug|Any CPU.ActiveCfg = Debug|Any CPU
		{910E1673-ED14-424B-BD50-71FA3C4E693D}.Debug|Any CPU.Build.0 = Debug|Any CPU
		{910E1673-ED14-424B-BD50-71FA3C4E693D}.Release|Any CPU.ActiveCfg = Release|Any CPU
		{910E1673-ED14-424B-BD50-71FA3C4E693D}.Release|Any CPU.Build.0 = Release|Any CPU
		{FA64F964-B26F-43AA-8532-27C69398BE7C}.Debug|Any CPU.ActiveCfg = Debug|Any CPU
		{FA64F964-B26F-43AA-8532-27C69398BE7C}.Debug|Any CPU.Build.0 = Debug|Any CPU
		{FA64F964-B26F-43AA-8532-27C69398BE7C}.Release|Any CPU.ActiveCfg = Release|Any CPU
		{FA64F964-B26F-43AA-8532-27C69398BE7C}.Release|Any CPU.Build.0 = Release|Any CPU
		{D2D632A5-5BC5-4A93-AECD-9DFB4682A242}.Debug|Any CPU.ActiveCfg = Debug|Any CPU
		{D2D632A5-5BC5-4A93-AECD-9DFB4682A242}.Debug|Any CPU.Build.0 = Debug|Any CPU
		{D2D632A5-5BC5-4A93-AECD-9DFB4682A242}.Release|Any CPU.ActiveCfg = Release|Any CPU
		{D2D632A5-5BC5-4A93-AECD-9DFB4682A242}.Release|Any CPU.Build.0 = Release|Any CPU
		{D9D2B972-7CE7-4AE8-BA49-B950D96C2537}.Debug|Any CPU.ActiveCfg = Debug|Any CPU
		{D9D2B972-7CE7-4AE8-BA49-B950D96C2537}.Debug|Any CPU.Build.0 = Debug|Any CPU
		{D9D2B972-7CE7-4AE8-BA49-B950D96C2537}.Release|Any CPU.ActiveCfg = Release|Any CPU
		{D9D2B972-7CE7-4AE8-BA49-B950D96C2537}.Release|Any CPU.Build.0 = Release|Any CPU
		{08095C0D-9D62-49CE-9C1F-F3B48422987F}.Debug|Any CPU.ActiveCfg = Debug|Any CPU
		{08095C0D-9D62-49CE-9C1F-F3B48422987F}.Debug|Any CPU.Build.0 = Debug|Any CPU
		{08095C0D-9D62-49CE-9C1F-F3B48422987F}.Release|Any CPU.ActiveCfg = Release|Any CPU
		{08095C0D-9D62-49CE-9C1F-F3B48422987F}.Release|Any CPU.Build.0 = Release|Any CPU
		{9EAD4AC0-0C13-46A1-A54A-6A03ACDCBB0E}.Debug|Any CPU.ActiveCfg = Debug|Any CPU
		{9EAD4AC0-0C13-46A1-A54A-6A03ACDCBB0E}.Debug|Any CPU.Build.0 = Debug|Any CPU
		{9EAD4AC0-0C13-46A1-A54A-6A03ACDCBB0E}.Release|Any CPU.ActiveCfg = Release|Any CPU
		{9EAD4AC0-0C13-46A1-A54A-6A03ACDCBB0E}.Release|Any CPU.Build.0 = Release|Any CPU
		{1DAABC7F-99A4-4CC6-8AEF-C76BC35FDC3B}.Debug|Any CPU.ActiveCfg = Debug|Any CPU
		{1DAABC7F-99A4-4CC6-8AEF-C76BC35FDC3B}.Debug|Any CPU.Build.0 = Debug|Any CPU
		{1DAABC7F-99A4-4CC6-8AEF-C76BC35FDC3B}.Release|Any CPU.ActiveCfg = Release|Any CPU
		{1DAABC7F-99A4-4CC6-8AEF-C76BC35FDC3B}.Release|Any CPU.Build.0 = Release|Any CPU
		{16022F68-C124-4AD9-BD65-32385E585420}.Debug|Any CPU.ActiveCfg = Debug|Any CPU
		{16022F68-C124-4AD9-BD65-32385E585420}.Debug|Any CPU.Build.0 = Debug|Any CPU
		{16022F68-C124-4AD9-BD65-32385E585420}.Release|Any CPU.ActiveCfg = Release|Any CPU
		{16022F68-C124-4AD9-BD65-32385E585420}.Release|Any CPU.Build.0 = Release|Any CPU
	EndGlobalSection
	GlobalSection(SolutionProperties) = preSolution
		HideSolutionNode = FALSE
	EndGlobalSection
	GlobalSection(NestedProjects) = preSolution
		{A7C18639-EEA0-4AC4-B5C2-7FC00D37ACC4} = {C930E53C-B013-47E0-8F78-CAABC43AD4E8}
		{5F58BAAA-C7FD-4BC4-83B8-C5024AE327EF} = {7797FC47-1E7B-4C68-807E-7A95B0E57100}
		{8D667F61-DE9A-460D-ABB9-79034DD8AC2E} = {7797FC47-1E7B-4C68-807E-7A95B0E57100}
		{636FCB75-262A-4869-BBE6-2747056124EB} = {7797FC47-1E7B-4C68-807E-7A95B0E57100}
		{D6268A1D-196A-40A9-88D9-B171C42A79E8} = {A7728252-C32E-473B-83E6-DB810D3D771C}
		{1324AA95-D812-4A5C-84C9-24F11D96EE3E} = {A7728252-C32E-473B-83E6-DB810D3D771C}
		{910E1673-ED14-424B-BD50-71FA3C4E693D} = {A7728252-C32E-473B-83E6-DB810D3D771C}
		{FA64F964-B26F-43AA-8532-27C69398BE7C} = {A7728252-C32E-473B-83E6-DB810D3D771C}
		{D2D632A5-5BC5-4A93-AECD-9DFB4682A242} = {22CD0BE9-672A-43FE-8BC5-51132FB42310}
		{D9D2B972-7CE7-4AE8-BA49-B950D96C2537} = {22CD0BE9-672A-43FE-8BC5-51132FB42310}
		{08095C0D-9D62-49CE-9C1F-F3B48422987F} = {22CD0BE9-672A-43FE-8BC5-51132FB42310}
		{9EAD4AC0-0C13-46A1-A54A-6A03ACDCBB0E} = {D28F36FA-550C-4562-A737-F10BB3C5B91E}
		{1DAABC7F-99A4-4CC6-8AEF-C76BC35FDC3B} = {7251EB55-CC97-4E99-B26E-6D6BB938EEB8}
		{16022F68-C124-4AD9-BD65-32385E585420} = {7E30C282-E798-4964-A4E7-C004796A3B55}
	EndGlobalSection
	GlobalSection(ExtensibilityGlobals) = postSolution
		SolutionGuid = {E280734D-4AED-404F-BA1A-7B6C5D25E75B}
	EndGlobalSection
EndGlobal
